// !$*UTF8*$!
{
	archiveVersion = 1;
	classes = {
	};
	objectVersion = 56;
	objects = {

/* Begin PBXBuildFile section */
		0274E1A3AF67732298C72FF8 /* Pods_Track_Music.framework in Frameworks */ = {isa = PBXBuildFile; fileRef = 8BEE472AC7CD39077FD279A4 /* Pods_Track_Music.framework */; };
		855D9E58818467628B4C0757 /* Pods_Track_Music_Track_MusicUITests.framework in Frameworks */ = {isa = PBXBuildFile; fileRef = 0C7FE23597BC8CA9E236BDE8 /* Pods_Track_Music_Track_MusicUITests.framework */; };
		A2B134B729BCE7E000E7D6E8 /* AppDelegate.swift in Sources */ = {isa = PBXBuildFile; fileRef = A2B134B629BCE7E000E7D6E8 /* AppDelegate.swift */; };
		A2B134B929BCE7E000E7D6E8 /* SceneDelegate.swift in Sources */ = {isa = PBXBuildFile; fileRef = A2B134B829BCE7E000E7D6E8 /* SceneDelegate.swift */; };
		A2B134BB29BCE7E000E7D6E8 /* ViewController.swift in Sources */ = {isa = PBXBuildFile; fileRef = A2B134BA29BCE7E000E7D6E8 /* ViewController.swift */; };
		A2B134C029BCE7E300E7D6E8 /* Assets.xcassets in Resources */ = {isa = PBXBuildFile; fileRef = A2B134BF29BCE7E300E7D6E8 /* Assets.xcassets */; };
		A2B134C329BCE7E300E7D6E8 /* LaunchScreen.storyboard in Resources */ = {isa = PBXBuildFile; fileRef = A2B134C129BCE7E300E7D6E8 /* LaunchScreen.storyboard */; };
		A2B134CE29BCE7E300E7D6E8 /* Track_MusicTests.swift in Sources */ = {isa = PBXBuildFile; fileRef = A2B134CD29BCE7E300E7D6E8 /* Track_MusicTests.swift */; };
		A2B134D829BCE7E300E7D6E8 /* Track_MusicUITests.swift in Sources */ = {isa = PBXBuildFile; fileRef = A2B134D729BCE7E300E7D6E8 /* Track_MusicUITests.swift */; };
		A2B134DA29BCE7E400E7D6E8 /* Track_MusicUITestsLaunchTests.swift in Sources */ = {isa = PBXBuildFile; fileRef = A2B134D929BCE7E400E7D6E8 /* Track_MusicUITestsLaunchTests.swift */; };
		A2B134ED29BCE89B00E7D6E8 /* SplashVC.swift in Sources */ = {isa = PBXBuildFile; fileRef = A2B134EC29BCE89B00E7D6E8 /* SplashVC.swift */; };
		A2B134F029BCE8D900E7D6E8 /* SignupVC.swift in Sources */ = {isa = PBXBuildFile; fileRef = A2B134EF29BCE8D900E7D6E8 /* SignupVC.swift */; };
		A2B134F329BD170400E7D6E8 /* TMButton.swift in Sources */ = {isa = PBXBuildFile; fileRef = A2B134F229BD170400E7D6E8 /* TMButton.swift */; };
		A2B134F529BD174500E7D6E8 /* TMLabel.swift in Sources */ = {isa = PBXBuildFile; fileRef = A2B134F429BD174500E7D6E8 /* TMLabel.swift */; };
		A2B134F729BD177700E7D6E8 /* TMImageView.swift in Sources */ = {isa = PBXBuildFile; fileRef = A2B134F629BD177700E7D6E8 /* TMImageView.swift */; };
		A2B134F929BD1A3900E7D6E8 /* SpalshVC+ViewSetup.swift in Sources */ = {isa = PBXBuildFile; fileRef = A2B134F829BD1A3900E7D6E8 /* SpalshVC+ViewSetup.swift */; };
		A2B134FB29BD20A900E7D6E8 /* SignupVC+ViewSetup.swift in Sources */ = {isa = PBXBuildFile; fileRef = A2B134FA29BD20A900E7D6E8 /* SignupVC+ViewSetup.swift */; };
		A2B134FE29BD226900E7D6E8 /* SceneBuilder.swift in Sources */ = {isa = PBXBuildFile; fileRef = A2B134FD29BD226900E7D6E8 /* SceneBuilder.swift */; };
		A2B1350129BD243D00E7D6E8 /* SignupNavigation.swift in Sources */ = {isa = PBXBuildFile; fileRef = A2B1350029BD243D00E7D6E8 /* SignupNavigation.swift */; };
		A2B1350329BD248F00E7D6E8 /* SignupNavigationDelegateSpy.swift in Sources */ = {isa = PBXBuildFile; fileRef = A2B1350229BD248F00E7D6E8 /* SignupNavigationDelegateSpy.swift */; };
		A2B1350529BD264A00E7D6E8 /* UIButton+TestHelpers.swift in Sources */ = {isa = PBXBuildFile; fileRef = A2B1350429BD264A00E7D6E8 /* UIButton+TestHelpers.swift */; };
		A2B1350729BD26C800E7D6E8 /* SpyNavigationController.swift in Sources */ = {isa = PBXBuildFile; fileRef = A2B1350629BD26C800E7D6E8 /* SpyNavigationController.swift */; };
		F32EFACF68CBA19A832E2715 /* Pods_Track_MusicTests.framework in Frameworks */ = {isa = PBXBuildFile; fileRef = 8C7C040A7E234E4111FC386C /* Pods_Track_MusicTests.framework */; };
/* End PBXBuildFile section */

/* Begin PBXContainerItemProxy section */
		A2B134CA29BCE7E300E7D6E8 /* PBXContainerItemProxy */ = {
			isa = PBXContainerItemProxy;
			containerPortal = A2B134AB29BCE7E000E7D6E8 /* Project object */;
			proxyType = 1;
			remoteGlobalIDString = A2B134B229BCE7E000E7D6E8;
			remoteInfo = "Track Music";
		};
		A2B134D429BCE7E300E7D6E8 /* PBXContainerItemProxy */ = {
			isa = PBXContainerItemProxy;
			containerPortal = A2B134AB29BCE7E000E7D6E8 /* Project object */;
			proxyType = 1;
			remoteGlobalIDString = A2B134B229BCE7E000E7D6E8;
			remoteInfo = "Track Music";
		};
/* End PBXContainerItemProxy section */

/* Begin PBXFileReference section */
		0C7FE23597BC8CA9E236BDE8 /* Pods_Track_Music_Track_MusicUITests.framework */ = {isa = PBXFileReference; explicitFileType = wrapper.framework; includeInIndex = 0; path = Pods_Track_Music_Track_MusicUITests.framework; sourceTree = BUILT_PRODUCTS_DIR; };
		1735FC26A0664147E410B9AE /* Pods-Track Music-Track MusicUITests.debug.xcconfig */ = {isa = PBXFileReference; includeInIndex = 1; lastKnownFileType = text.xcconfig; name = "Pods-Track Music-Track MusicUITests.debug.xcconfig"; path = "Target Support Files/Pods-Track Music-Track MusicUITests/Pods-Track Music-Track MusicUITests.debug.xcconfig"; sourceTree = "<group>"; };
		2BCB5549D8DCC1BFC260E15D /* Pods-Track MusicTests.release.xcconfig */ = {isa = PBXFileReference; includeInIndex = 1; lastKnownFileType = text.xcconfig; name = "Pods-Track MusicTests.release.xcconfig"; path = "Target Support Files/Pods-Track MusicTests/Pods-Track MusicTests.release.xcconfig"; sourceTree = "<group>"; };
		4E797E2FBE4C298F055D2A9C /* Pods-Track Music.release.xcconfig */ = {isa = PBXFileReference; includeInIndex = 1; lastKnownFileType = text.xcconfig; name = "Pods-Track Music.release.xcconfig"; path = "Target Support Files/Pods-Track Music/Pods-Track Music.release.xcconfig"; sourceTree = "<group>"; };
		8BEE472AC7CD39077FD279A4 /* Pods_Track_Music.framework */ = {isa = PBXFileReference; explicitFileType = wrapper.framework; includeInIndex = 0; path = Pods_Track_Music.framework; sourceTree = BUILT_PRODUCTS_DIR; };
		8C7C040A7E234E4111FC386C /* Pods_Track_MusicTests.framework */ = {isa = PBXFileReference; explicitFileType = wrapper.framework; includeInIndex = 0; path = Pods_Track_MusicTests.framework; sourceTree = BUILT_PRODUCTS_DIR; };
		A2B134B329BCE7E000E7D6E8 /* Track Music.app */ = {isa = PBXFileReference; explicitFileType = wrapper.application; includeInIndex = 0; path = "Track Music.app"; sourceTree = BUILT_PRODUCTS_DIR; };
		A2B134B629BCE7E000E7D6E8 /* AppDelegate.swift */ = {isa = PBXFileReference; lastKnownFileType = sourcecode.swift; path = AppDelegate.swift; sourceTree = "<group>"; };
		A2B134B829BCE7E000E7D6E8 /* SceneDelegate.swift */ = {isa = PBXFileReference; lastKnownFileType = sourcecode.swift; path = SceneDelegate.swift; sourceTree = "<group>"; };
		A2B134BA29BCE7E000E7D6E8 /* ViewController.swift */ = {isa = PBXFileReference; lastKnownFileType = sourcecode.swift; path = ViewController.swift; sourceTree = "<group>"; };
		A2B134BF29BCE7E300E7D6E8 /* Assets.xcassets */ = {isa = PBXFileReference; lastKnownFileType = folder.assetcatalog; path = Assets.xcassets; sourceTree = "<group>"; };
		A2B134C229BCE7E300E7D6E8 /* Base */ = {isa = PBXFileReference; lastKnownFileType = file.storyboard; name = Base; path = Base.lproj/LaunchScreen.storyboard; sourceTree = "<group>"; };
		A2B134C429BCE7E300E7D6E8 /* Info.plist */ = {isa = PBXFileReference; lastKnownFileType = text.plist.xml; path = Info.plist; sourceTree = "<group>"; };
		A2B134C929BCE7E300E7D6E8 /* Track MusicTests.xctest */ = {isa = PBXFileReference; explicitFileType = wrapper.cfbundle; includeInIndex = 0; path = "Track MusicTests.xctest"; sourceTree = BUILT_PRODUCTS_DIR; };
		A2B134CD29BCE7E300E7D6E8 /* Track_MusicTests.swift */ = {isa = PBXFileReference; lastKnownFileType = sourcecode.swift; path = Track_MusicTests.swift; sourceTree = "<group>"; };
		A2B134D329BCE7E300E7D6E8 /* Track MusicUITests.xctest */ = {isa = PBXFileReference; explicitFileType = wrapper.cfbundle; includeInIndex = 0; path = "Track MusicUITests.xctest"; sourceTree = BUILT_PRODUCTS_DIR; };
		A2B134D729BCE7E300E7D6E8 /* Track_MusicUITests.swift */ = {isa = PBXFileReference; lastKnownFileType = sourcecode.swift; path = Track_MusicUITests.swift; sourceTree = "<group>"; };
		A2B134D929BCE7E400E7D6E8 /* Track_MusicUITestsLaunchTests.swift */ = {isa = PBXFileReference; lastKnownFileType = sourcecode.swift; path = Track_MusicUITestsLaunchTests.swift; sourceTree = "<group>"; };
		A2B134EC29BCE89B00E7D6E8 /* SplashVC.swift */ = {isa = PBXFileReference; lastKnownFileType = sourcecode.swift; path = SplashVC.swift; sourceTree = "<group>"; };
		A2B134EF29BCE8D900E7D6E8 /* SignupVC.swift */ = {isa = PBXFileReference; lastKnownFileType = sourcecode.swift; path = SignupVC.swift; sourceTree = "<group>"; };
		A2B134F229BD170400E7D6E8 /* TMButton.swift */ = {isa = PBXFileReference; lastKnownFileType = sourcecode.swift; path = TMButton.swift; sourceTree = "<group>"; };
		A2B134F429BD174500E7D6E8 /* TMLabel.swift */ = {isa = PBXFileReference; lastKnownFileType = sourcecode.swift; path = TMLabel.swift; sourceTree = "<group>"; };
		A2B134F629BD177700E7D6E8 /* TMImageView.swift */ = {isa = PBXFileReference; lastKnownFileType = sourcecode.swift; path = TMImageView.swift; sourceTree = "<group>"; };
		A2B134F829BD1A3900E7D6E8 /* SpalshVC+ViewSetup.swift */ = {isa = PBXFileReference; lastKnownFileType = sourcecode.swift; path = "SpalshVC+ViewSetup.swift"; sourceTree = "<group>"; };
		A2B134FA29BD20A900E7D6E8 /* SignupVC+ViewSetup.swift */ = {isa = PBXFileReference; lastKnownFileType = sourcecode.swift; path = "SignupVC+ViewSetup.swift"; sourceTree = "<group>"; };
		A2B134FD29BD226900E7D6E8 /* SceneBuilder.swift */ = {isa = PBXFileReference; lastKnownFileType = sourcecode.swift; path = SceneBuilder.swift; sourceTree = "<group>"; };
		A2B1350029BD243D00E7D6E8 /* SignupNavigation.swift */ = {isa = PBXFileReference; lastKnownFileType = sourcecode.swift; path = SignupNavigation.swift; sourceTree = "<group>"; };
		A2B1350229BD248F00E7D6E8 /* SignupNavigationDelegateSpy.swift */ = {isa = PBXFileReference; lastKnownFileType = sourcecode.swift; path = SignupNavigationDelegateSpy.swift; sourceTree = "<group>"; };
		A2B1350429BD264A00E7D6E8 /* UIButton+TestHelpers.swift */ = {isa = PBXFileReference; lastKnownFileType = sourcecode.swift; path = "UIButton+TestHelpers.swift"; sourceTree = "<group>"; };
		A2B1350629BD26C800E7D6E8 /* SpyNavigationController.swift */ = {isa = PBXFileReference; lastKnownFileType = sourcecode.swift; path = SpyNavigationController.swift; sourceTree = "<group>"; };
		A7463FED6F6802A26341FD55 /* Pods-Track Music-Track MusicUITests.release.xcconfig */ = {isa = PBXFileReference; includeInIndex = 1; lastKnownFileType = text.xcconfig; name = "Pods-Track Music-Track MusicUITests.release.xcconfig"; path = "Target Support Files/Pods-Track Music-Track MusicUITests/Pods-Track Music-Track MusicUITests.release.xcconfig"; sourceTree = "<group>"; };
		A83ED2A0A059B9D977866665 /* Pods-Track Music.debug.xcconfig */ = {isa = PBXFileReference; includeInIndex = 1; lastKnownFileType = text.xcconfig; name = "Pods-Track Music.debug.xcconfig"; path = "Target Support Files/Pods-Track Music/Pods-Track Music.debug.xcconfig"; sourceTree = "<group>"; };
		C30DC7ACBE60AEB76D8B9191 /* Pods-Track MusicTests.debug.xcconfig */ = {isa = PBXFileReference; includeInIndex = 1; lastKnownFileType = text.xcconfig; name = "Pods-Track MusicTests.debug.xcconfig"; path = "Target Support Files/Pods-Track MusicTests/Pods-Track MusicTests.debug.xcconfig"; sourceTree = "<group>"; };
/* End PBXFileReference section */

/* Begin PBXFrameworksBuildPhase section */
		A2B134B029BCE7E000E7D6E8 /* Frameworks */ = {
			isa = PBXFrameworksBuildPhase;
			buildActionMask = 2147483647;
			files = (
				0274E1A3AF67732298C72FF8 /* Pods_Track_Music.framework in Frameworks */,
			);
			runOnlyForDeploymentPostprocessing = 0;
		};
		A2B134C629BCE7E300E7D6E8 /* Frameworks */ = {
			isa = PBXFrameworksBuildPhase;
			buildActionMask = 2147483647;
			files = (
				F32EFACF68CBA19A832E2715 /* Pods_Track_MusicTests.framework in Frameworks */,
			);
			runOnlyForDeploymentPostprocessing = 0;
		};
		A2B134D029BCE7E300E7D6E8 /* Frameworks */ = {
			isa = PBXFrameworksBuildPhase;
			buildActionMask = 2147483647;
			files = (
				855D9E58818467628B4C0757 /* Pods_Track_Music_Track_MusicUITests.framework in Frameworks */,
			);
			runOnlyForDeploymentPostprocessing = 0;
		};
/* End PBXFrameworksBuildPhase section */

/* Begin PBXGroup section */
		57D9B2925776DC4C44CD3CCB /* Frameworks */ = {
			isa = PBXGroup;
			children = (
				8BEE472AC7CD39077FD279A4 /* Pods_Track_Music.framework */,
				0C7FE23597BC8CA9E236BDE8 /* Pods_Track_Music_Track_MusicUITests.framework */,
				8C7C040A7E234E4111FC386C /* Pods_Track_MusicTests.framework */,
			);
			name = Frameworks;
			sourceTree = "<group>";
		};
		A2B134AA29BCE7E000E7D6E8 = {
			isa = PBXGroup;
			children = (
				A2B134B529BCE7E000E7D6E8 /* Track Music */,
				A2B134CC29BCE7E300E7D6E8 /* Track MusicTests */,
				A2B134D629BCE7E300E7D6E8 /* Track MusicUITests */,
				A2B134B429BCE7E000E7D6E8 /* Products */,
				A345078BB65A4D7A8B7BB2D9 /* Pods */,
				57D9B2925776DC4C44CD3CCB /* Frameworks */,
			);
			sourceTree = "<group>";
		};
		A2B134B429BCE7E000E7D6E8 /* Products */ = {
			isa = PBXGroup;
			children = (
				A2B134B329BCE7E000E7D6E8 /* Track Music.app */,
				A2B134C929BCE7E300E7D6E8 /* Track MusicTests.xctest */,
				A2B134D329BCE7E300E7D6E8 /* Track MusicUITests.xctest */,
			);
			name = Products;
			sourceTree = "<group>";
		};
		A2B134B529BCE7E000E7D6E8 /* Track Music */ = {
			isa = PBXGroup;
			children = (
				A2B134FF29BD242500E7D6E8 /* NavigationDelegate */,
				A2B134E929BCE84800E7D6E8 /* ViewModels */,
				A2B134E829BCE82A00E7D6E8 /* Models */,
				A2B134E729BCE81F00E7D6E8 /* Views */,
				A2B134E629BCE7FF00E7D6E8 /* Supporting Files */,
			);
			path = "Track Music";
			sourceTree = "<group>";
		};
		A2B134CC29BCE7E300E7D6E8 /* Track MusicTests */ = {
			isa = PBXGroup;
			children = (
				A2B134FC29BD21EE00E7D6E8 /* TestHelpers */,
				A2B134CD29BCE7E300E7D6E8 /* Track_MusicTests.swift */,
			);
			path = "Track MusicTests";
			sourceTree = "<group>";
		};
		A2B134D629BCE7E300E7D6E8 /* Track MusicUITests */ = {
			isa = PBXGroup;
			children = (
				A2B134D729BCE7E300E7D6E8 /* Track_MusicUITests.swift */,
				A2B134D929BCE7E400E7D6E8 /* Track_MusicUITestsLaunchTests.swift */,
			);
			path = "Track MusicUITests";
			sourceTree = "<group>";
		};
		A2B134E629BCE7FF00E7D6E8 /* Supporting Files */ = {
			isa = PBXGroup;
			children = (
				A2B134B629BCE7E000E7D6E8 /* AppDelegate.swift */,
				A2B134B829BCE7E000E7D6E8 /* SceneDelegate.swift */,
				A2B134BA29BCE7E000E7D6E8 /* ViewController.swift */,
				A2B134BF29BCE7E300E7D6E8 /* Assets.xcassets */,
				A2B134C129BCE7E300E7D6E8 /* LaunchScreen.storyboard */,
				A2B134C429BCE7E300E7D6E8 /* Info.plist */,
			);
			path = "Supporting Files";
			sourceTree = "<group>";
		};
		A2B134E729BCE81F00E7D6E8 /* Views */ = {
			isa = PBXGroup;
			children = (
				A2B134F129BD16EA00E7D6E8 /* CustomerViews */,
				A2B134EA29BCE86D00E7D6E8 /* Controllers */,
			);
			path = Views;
			sourceTree = "<group>";
		};
		A2B134E829BCE82A00E7D6E8 /* Models */ = {
			isa = PBXGroup;
			children = (
			);
			path = Models;
			sourceTree = "<group>";
		};
		A2B134E929BCE84800E7D6E8 /* ViewModels */ = {
			isa = PBXGroup;
			children = (
			);
			path = ViewModels;
			sourceTree = "<group>";
		};
		A2B134EA29BCE86D00E7D6E8 /* Controllers */ = {
			isa = PBXGroup;
			children = (
				A2B134EE29BCE8C300E7D6E8 /* Signup */,
				A2B134EB29BCE88100E7D6E8 /* Splash */,
			);
			path = Controllers;
			sourceTree = "<group>";
		};
		A2B134EB29BCE88100E7D6E8 /* Splash */ = {
			isa = PBXGroup;
			children = (
				A2B134EC29BCE89B00E7D6E8 /* SplashVC.swift */,
				A2B134F829BD1A3900E7D6E8 /* SpalshVC+ViewSetup.swift */,
			);
			path = Splash;
			sourceTree = "<group>";
		};
		A2B134EE29BCE8C300E7D6E8 /* Signup */ = {
			isa = PBXGroup;
			children = (
				A2B134EF29BCE8D900E7D6E8 /* SignupVC.swift */,
				A2B134FA29BD20A900E7D6E8 /* SignupVC+ViewSetup.swift */,
			);
			path = Signup;
			sourceTree = "<group>";
		};
		A2B134F129BD16EA00E7D6E8 /* CustomerViews */ = {
			isa = PBXGroup;
			children = (
				A2B134F229BD170400E7D6E8 /* TMButton.swift */,
				A2B134F429BD174500E7D6E8 /* TMLabel.swift */,
				A2B134F629BD177700E7D6E8 /* TMImageView.swift */,
			);
			path = CustomerViews;
			sourceTree = "<group>";
		};
		A2B134FC29BD21EE00E7D6E8 /* TestHelpers */ = {
			isa = PBXGroup;
			children = (
				A2B134FD29BD226900E7D6E8 /* SceneBuilder.swift */,
				A2B1350229BD248F00E7D6E8 /* SignupNavigationDelegateSpy.swift */,
				A2B1350429BD264A00E7D6E8 /* UIButton+TestHelpers.swift */,
				A2B1350629BD26C800E7D6E8 /* SpyNavigationController.swift */,
			);
			path = TestHelpers;
			sourceTree = "<group>";
		};
		A2B134FF29BD242500E7D6E8 /* NavigationDelegate */ = {
			isa = PBXGroup;
			children = (
				A2B1350029BD243D00E7D6E8 /* SignupNavigation.swift */,
			);
			path = NavigationDelegate;
			sourceTree = "<group>";
		};
		A345078BB65A4D7A8B7BB2D9 /* Pods */ = {
			isa = PBXGroup;
			children = (
				A83ED2A0A059B9D977866665 /* Pods-Track Music.debug.xcconfig */,
				4E797E2FBE4C298F055D2A9C /* Pods-Track Music.release.xcconfig */,
				1735FC26A0664147E410B9AE /* Pods-Track Music-Track MusicUITests.debug.xcconfig */,
				A7463FED6F6802A26341FD55 /* Pods-Track Music-Track MusicUITests.release.xcconfig */,
				C30DC7ACBE60AEB76D8B9191 /* Pods-Track MusicTests.debug.xcconfig */,
				2BCB5549D8DCC1BFC260E15D /* Pods-Track MusicTests.release.xcconfig */,
			);
			path = Pods;
			sourceTree = "<group>";
		};
/* End PBXGroup section */

/* Begin PBXNativeTarget section */
		A2B134B229BCE7E000E7D6E8 /* Track Music */ = {
			isa = PBXNativeTarget;
			buildConfigurationList = A2B134DD29BCE7E400E7D6E8 /* Build configuration list for PBXNativeTarget "Track Music" */;
			buildPhases = (
				4624D94BE9C6224152E02324 /* [CP] Check Pods Manifest.lock */,
				A2B134AF29BCE7E000E7D6E8 /* Sources */,
				A2B134B029BCE7E000E7D6E8 /* Frameworks */,
				A2B134B129BCE7E000E7D6E8 /* Resources */,
				540DD02ED518BAB0032E4439 /* [CP] Embed Pods Frameworks */,
			);
			buildRules = (
			);
			dependencies = (
			);
			name = "Track Music";
			productName = "Track Music";
			productReference = A2B134B329BCE7E000E7D6E8 /* Track Music.app */;
			productType = "com.apple.product-type.application";
		};
		A2B134C829BCE7E300E7D6E8 /* Track MusicTests */ = {
			isa = PBXNativeTarget;
			buildConfigurationList = A2B134E029BCE7E400E7D6E8 /* Build configuration list for PBXNativeTarget "Track MusicTests" */;
			buildPhases = (
				86EA978458E2FFF80F33FBA3 /* [CP] Check Pods Manifest.lock */,
				A2B134C529BCE7E300E7D6E8 /* Sources */,
				A2B134C629BCE7E300E7D6E8 /* Frameworks */,
				A2B134C729BCE7E300E7D6E8 /* Resources */,
			);
			buildRules = (
			);
			dependencies = (
				A2B134CB29BCE7E300E7D6E8 /* PBXTargetDependency */,
			);
			name = "Track MusicTests";
			productName = "Track MusicTests";
			productReference = A2B134C929BCE7E300E7D6E8 /* Track MusicTests.xctest */;
			productType = "com.apple.product-type.bundle.unit-test";
		};
		A2B134D229BCE7E300E7D6E8 /* Track MusicUITests */ = {
			isa = PBXNativeTarget;
			buildConfigurationList = A2B134E329BCE7E400E7D6E8 /* Build configuration list for PBXNativeTarget "Track MusicUITests" */;
			buildPhases = (
				4E58BDB147B6143E8648D9CC /* [CP] Check Pods Manifest.lock */,
				A2B134CF29BCE7E300E7D6E8 /* Sources */,
				A2B134D029BCE7E300E7D6E8 /* Frameworks */,
				A2B134D129BCE7E300E7D6E8 /* Resources */,
				DD31C9AAFE5F09EC4CD95F38 /* [CP] Embed Pods Frameworks */,
			);
			buildRules = (
			);
			dependencies = (
				A2B134D529BCE7E300E7D6E8 /* PBXTargetDependency */,
			);
			name = "Track MusicUITests";
			productName = "Track MusicUITests";
			productReference = A2B134D329BCE7E300E7D6E8 /* Track MusicUITests.xctest */;
			productType = "com.apple.product-type.bundle.ui-testing";
		};
/* End PBXNativeTarget section */

/* Begin PBXProject section */
		A2B134AB29BCE7E000E7D6E8 /* Project object */ = {
			isa = PBXProject;
			attributes = {
				BuildIndependentTargetsInParallel = 1;
				LastSwiftUpdateCheck = 1420;
				LastUpgradeCheck = 1420;
				TargetAttributes = {
					A2B134B229BCE7E000E7D6E8 = {
						CreatedOnToolsVersion = 14.2;
					};
					A2B134C829BCE7E300E7D6E8 = {
						CreatedOnToolsVersion = 14.2;
						TestTargetID = A2B134B229BCE7E000E7D6E8;
					};
					A2B134D229BCE7E300E7D6E8 = {
						CreatedOnToolsVersion = 14.2;
						TestTargetID = A2B134B229BCE7E000E7D6E8;
					};
				};
			};
			buildConfigurationList = A2B134AE29BCE7E000E7D6E8 /* Build configuration list for PBXProject "Track Music" */;
			compatibilityVersion = "Xcode 14.0";
			developmentRegion = en;
			hasScannedForEncodings = 0;
			knownRegions = (
				en,
				Base,
			);
			mainGroup = A2B134AA29BCE7E000E7D6E8;
			productRefGroup = A2B134B429BCE7E000E7D6E8 /* Products */;
			projectDirPath = "";
			projectRoot = "";
			targets = (
				A2B134B229BCE7E000E7D6E8 /* Track Music */,
				A2B134C829BCE7E300E7D6E8 /* Track MusicTests */,
				A2B134D229BCE7E300E7D6E8 /* Track MusicUITests */,
			);
		};
/* End PBXProject section */

/* Begin PBXResourcesBuildPhase section */
		A2B134B129BCE7E000E7D6E8 /* Resources */ = {
			isa = PBXResourcesBuildPhase;
			buildActionMask = 2147483647;
			files = (
				A2B134C329BCE7E300E7D6E8 /* LaunchScreen.storyboard in Resources */,
				A2B134C029BCE7E300E7D6E8 /* Assets.xcassets in Resources */,
			);
			runOnlyForDeploymentPostprocessing = 0;
		};
		A2B134C729BCE7E300E7D6E8 /* Resources */ = {
			isa = PBXResourcesBuildPhase;
			buildActionMask = 2147483647;
			files = (
			);
			runOnlyForDeploymentPostprocessing = 0;
		};
		A2B134D129BCE7E300E7D6E8 /* Resources */ = {
			isa = PBXResourcesBuildPhase;
			buildActionMask = 2147483647;
			files = (
			);
			runOnlyForDeploymentPostprocessing = 0;
		};
/* End PBXResourcesBuildPhase section */

/* Begin PBXShellScriptBuildPhase section */
		4624D94BE9C6224152E02324 /* [CP] Check Pods Manifest.lock */ = {
			isa = PBXShellScriptBuildPhase;
			buildActionMask = 2147483647;
			files = (
			);
			inputFileListPaths = (
			);
			inputPaths = (
				"${PODS_PODFILE_DIR_PATH}/Podfile.lock",
				"${PODS_ROOT}/Manifest.lock",
			);
			name = "[CP] Check Pods Manifest.lock";
			outputFileListPaths = (
			);
			outputPaths = (
				"$(DERIVED_FILE_DIR)/Pods-Track Music-checkManifestLockResult.txt",
			);
			runOnlyForDeploymentPostprocessing = 0;
			shellPath = /bin/sh;
			shellScript = "diff \"${PODS_PODFILE_DIR_PATH}/Podfile.lock\" \"${PODS_ROOT}/Manifest.lock\" > /dev/null\nif [ $? != 0 ] ; then\n    # print error to STDERR\n    echo \"error: The sandbox is not in sync with the Podfile.lock. Run 'pod install' or update your CocoaPods installation.\" >&2\n    exit 1\nfi\n# This output is used by Xcode 'outputs' to avoid re-running this script phase.\necho \"SUCCESS\" > \"${SCRIPT_OUTPUT_FILE_0}\"\n";
			showEnvVarsInLog = 0;
		};
		4E58BDB147B6143E8648D9CC /* [CP] Check Pods Manifest.lock */ = {
			isa = PBXShellScriptBuildPhase;
			buildActionMask = 2147483647;
			files = (
			);
			inputFileListPaths = (
			);
			inputPaths = (
				"${PODS_PODFILE_DIR_PATH}/Podfile.lock",
				"${PODS_ROOT}/Manifest.lock",
			);
			name = "[CP] Check Pods Manifest.lock";
			outputFileListPaths = (
			);
			outputPaths = (
				"$(DERIVED_FILE_DIR)/Pods-Track Music-Track MusicUITests-checkManifestLockResult.txt",
			);
			runOnlyForDeploymentPostprocessing = 0;
			shellPath = /bin/sh;
			shellScript = "diff \"${PODS_PODFILE_DIR_PATH}/Podfile.lock\" \"${PODS_ROOT}/Manifest.lock\" > /dev/null\nif [ $? != 0 ] ; then\n    # print error to STDERR\n    echo \"error: The sandbox is not in sync with the Podfile.lock. Run 'pod install' or update your CocoaPods installation.\" >&2\n    exit 1\nfi\n# This output is used by Xcode 'outputs' to avoid re-running this script phase.\necho \"SUCCESS\" > \"${SCRIPT_OUTPUT_FILE_0}\"\n";
			showEnvVarsInLog = 0;
		};
		540DD02ED518BAB0032E4439 /* [CP] Embed Pods Frameworks */ = {
			isa = PBXShellScriptBuildPhase;
			buildActionMask = 2147483647;
			files = (
			);
			inputFileListPaths = (
				"${PODS_ROOT}/Target Support Files/Pods-Track Music/Pods-Track Music-frameworks-${CONFIGURATION}-input-files.xcfilelist",
			);
			name = "[CP] Embed Pods Frameworks";
			outputFileListPaths = (
				"${PODS_ROOT}/Target Support Files/Pods-Track Music/Pods-Track Music-frameworks-${CONFIGURATION}-output-files.xcfilelist",
			);
			runOnlyForDeploymentPostprocessing = 0;
			shellPath = /bin/sh;
			shellScript = "\"${PODS_ROOT}/Target Support Files/Pods-Track Music/Pods-Track Music-frameworks.sh\"\n";
			showEnvVarsInLog = 0;
		};
		86EA978458E2FFF80F33FBA3 /* [CP] Check Pods Manifest.lock */ = {
			isa = PBXShellScriptBuildPhase;
			buildActionMask = 2147483647;
			files = (
			);
			inputFileListPaths = (
			);
			inputPaths = (
				"${PODS_PODFILE_DIR_PATH}/Podfile.lock",
				"${PODS_ROOT}/Manifest.lock",
			);
			name = "[CP] Check Pods Manifest.lock";
			outputFileListPaths = (
			);
			outputPaths = (
				"$(DERIVED_FILE_DIR)/Pods-Track MusicTests-checkManifestLockResult.txt",
			);
			runOnlyForDeploymentPostprocessing = 0;
			shellPath = /bin/sh;
			shellScript = "diff \"${PODS_PODFILE_DIR_PATH}/Podfile.lock\" \"${PODS_ROOT}/Manifest.lock\" > /dev/null\nif [ $? != 0 ] ; then\n    # print error to STDERR\n    echo \"error: The sandbox is not in sync with the Podfile.lock. Run 'pod install' or update your CocoaPods installation.\" >&2\n    exit 1\nfi\n# This output is used by Xcode 'outputs' to avoid re-running this script phase.\necho \"SUCCESS\" > \"${SCRIPT_OUTPUT_FILE_0}\"\n";
			showEnvVarsInLog = 0;
		};
		DD31C9AAFE5F09EC4CD95F38 /* [CP] Embed Pods Frameworks */ = {
			isa = PBXShellScriptBuildPhase;
			buildActionMask = 2147483647;
			files = (
			);
			inputFileListPaths = (
				"${PODS_ROOT}/Target Support Files/Pods-Track Music-Track MusicUITests/Pods-Track Music-Track MusicUITests-frameworks-${CONFIGURATION}-input-files.xcfilelist",
			);
			name = "[CP] Embed Pods Frameworks";
			outputFileListPaths = (
				"${PODS_ROOT}/Target Support Files/Pods-Track Music-Track MusicUITests/Pods-Track Music-Track MusicUITests-frameworks-${CONFIGURATION}-output-files.xcfilelist",
			);
			runOnlyForDeploymentPostprocessing = 0;
			shellPath = /bin/sh;
			shellScript = "\"${PODS_ROOT}/Target Support Files/Pods-Track Music-Track MusicUITests/Pods-Track Music-Track MusicUITests-frameworks.sh\"\n";
			showEnvVarsInLog = 0;
		};
/* End PBXShellScriptBuildPhase section */

/* Begin PBXSourcesBuildPhase section */
		A2B134AF29BCE7E000E7D6E8 /* Sources */ = {
			isa = PBXSourcesBuildPhase;
			buildActionMask = 2147483647;
			files = (
				A2B1350129BD243D00E7D6E8 /* SignupNavigation.swift in Sources */,
				A2B134BB29BCE7E000E7D6E8 /* ViewController.swift in Sources */,
				A2B134F529BD174500E7D6E8 /* TMLabel.swift in Sources */,
				A2B134F029BCE8D900E7D6E8 /* SignupVC.swift in Sources */,
				A2B134F729BD177700E7D6E8 /* TMImageView.swift in Sources */,
				A2B134F329BD170400E7D6E8 /* TMButton.swift in Sources */,
				A2B134ED29BCE89B00E7D6E8 /* SplashVC.swift in Sources */,
				A2B134B729BCE7E000E7D6E8 /* AppDelegate.swift in Sources */,
				A2B134FB29BD20A900E7D6E8 /* SignupVC+ViewSetup.swift in Sources */,
				A2B134B929BCE7E000E7D6E8 /* SceneDelegate.swift in Sources */,
				A2B134F929BD1A3900E7D6E8 /* SpalshVC+ViewSetup.swift in Sources */,
			);
			runOnlyForDeploymentPostprocessing = 0;
		};
		A2B134C529BCE7E300E7D6E8 /* Sources */ = {
			isa = PBXSourcesBuildPhase;
			buildActionMask = 2147483647;
			files = (
				A2B134FE29BD226900E7D6E8 /* SceneBuilder.swift in Sources */,
				A2B1350529BD264A00E7D6E8 /* UIButton+TestHelpers.swift in Sources */,
				A2B134CE29BCE7E300E7D6E8 /* Track_MusicTests.swift in Sources */,
				A2B1350729BD26C800E7D6E8 /* SpyNavigationController.swift in Sources */,
				A2B1350329BD248F00E7D6E8 /* SignupNavigationDelegateSpy.swift in Sources */,
			);
			runOnlyForDeploymentPostprocessing = 0;
		};
		A2B134CF29BCE7E300E7D6E8 /* Sources */ = {
			isa = PBXSourcesBuildPhase;
			buildActionMask = 2147483647;
			files = (
				A2B134DA29BCE7E400E7D6E8 /* Track_MusicUITestsLaunchTests.swift in Sources */,
				A2B134D829BCE7E300E7D6E8 /* Track_MusicUITests.swift in Sources */,
			);
			runOnlyForDeploymentPostprocessing = 0;
		};
/* End PBXSourcesBuildPhase section */

/* Begin PBXTargetDependency section */
		A2B134CB29BCE7E300E7D6E8 /* PBXTargetDependency */ = {
			isa = PBXTargetDependency;
			target = A2B134B229BCE7E000E7D6E8 /* Track Music */;
			targetProxy = A2B134CA29BCE7E300E7D6E8 /* PBXContainerItemProxy */;
		};
		A2B134D529BCE7E300E7D6E8 /* PBXTargetDependency */ = {
			isa = PBXTargetDependency;
			target = A2B134B229BCE7E000E7D6E8 /* Track Music */;
			targetProxy = A2B134D429BCE7E300E7D6E8 /* PBXContainerItemProxy */;
		};
/* End PBXTargetDependency section */

/* Begin PBXVariantGroup section */
		A2B134C129BCE7E300E7D6E8 /* LaunchScreen.storyboard */ = {
			isa = PBXVariantGroup;
			children = (
				A2B134C229BCE7E300E7D6E8 /* Base */,
			);
			name = LaunchScreen.storyboard;
			sourceTree = "<group>";
		};
/* End PBXVariantGroup section */

/* Begin XCBuildConfiguration section */
		A2B134DB29BCE7E400E7D6E8 /* Debug */ = {
			isa = XCBuildConfiguration;
			buildSettings = {
				ALWAYS_SEARCH_USER_PATHS = NO;
				CLANG_ANALYZER_NONNULL = YES;
				CLANG_ANALYZER_NUMBER_OBJECT_CONVERSION = YES_AGGRESSIVE;
				CLANG_CXX_LANGUAGE_STANDARD = "gnu++20";
				CLANG_ENABLE_MODULES = YES;
				CLANG_ENABLE_OBJC_ARC = YES;
				CLANG_ENABLE_OBJC_WEAK = YES;
				CLANG_WARN_BLOCK_CAPTURE_AUTORELEASING = YES;
				CLANG_WARN_BOOL_CONVERSION = YES;
				CLANG_WARN_COMMA = YES;
				CLANG_WARN_CONSTANT_CONVERSION = YES;
				CLANG_WARN_DEPRECATED_OBJC_IMPLEMENTATIONS = YES;
				CLANG_WARN_DIRECT_OBJC_ISA_USAGE = YES_ERROR;
				CLANG_WARN_DOCUMENTATION_COMMENTS = YES;
				CLANG_WARN_EMPTY_BODY = YES;
				CLANG_WARN_ENUM_CONVERSION = YES;
				CLANG_WARN_INFINITE_RECURSION = YES;
				CLANG_WARN_INT_CONVERSION = YES;
				CLANG_WARN_NON_LITERAL_NULL_CONVERSION = YES;
				CLANG_WARN_OBJC_IMPLICIT_RETAIN_SELF = YES;
				CLANG_WARN_OBJC_LITERAL_CONVERSION = YES;
				CLANG_WARN_OBJC_ROOT_CLASS = YES_ERROR;
				CLANG_WARN_QUOTED_INCLUDE_IN_FRAMEWORK_HEADER = YES;
				CLANG_WARN_RANGE_LOOP_ANALYSIS = YES;
				CLANG_WARN_STRICT_PROTOTYPES = YES;
				CLANG_WARN_SUSPICIOUS_MOVE = YES;
				CLANG_WARN_UNGUARDED_AVAILABILITY = YES_AGGRESSIVE;
				CLANG_WARN_UNREACHABLE_CODE = YES;
				CLANG_WARN__DUPLICATE_METHOD_MATCH = YES;
				COPY_PHASE_STRIP = NO;
				DEBUG_INFORMATION_FORMAT = dwarf;
				ENABLE_STRICT_OBJC_MSGSEND = YES;
				ENABLE_TESTABILITY = YES;
				GCC_C_LANGUAGE_STANDARD = gnu11;
				GCC_DYNAMIC_NO_PIC = NO;
				GCC_NO_COMMON_BLOCKS = YES;
				GCC_OPTIMIZATION_LEVEL = 0;
				GCC_PREPROCESSOR_DEFINITIONS = (
					"DEBUG=1",
					"$(inherited)",
				);
				GCC_WARN_64_TO_32_BIT_CONVERSION = YES;
				GCC_WARN_ABOUT_RETURN_TYPE = YES_ERROR;
				GCC_WARN_UNDECLARED_SELECTOR = YES;
				GCC_WARN_UNINITIALIZED_AUTOS = YES_AGGRESSIVE;
				GCC_WARN_UNUSED_FUNCTION = YES;
				GCC_WARN_UNUSED_VARIABLE = YES;
				IPHONEOS_DEPLOYMENT_TARGET = 16.2;
				MTL_ENABLE_DEBUG_INFO = INCLUDE_SOURCE;
				MTL_FAST_MATH = YES;
				ONLY_ACTIVE_ARCH = YES;
				SDKROOT = iphoneos;
				SWIFT_ACTIVE_COMPILATION_CONDITIONS = DEBUG;
				SWIFT_OPTIMIZATION_LEVEL = "-Onone";
			};
			name = Debug;
		};
		A2B134DC29BCE7E400E7D6E8 /* Release */ = {
			isa = XCBuildConfiguration;
			buildSettings = {
				ALWAYS_SEARCH_USER_PATHS = NO;
				CLANG_ANALYZER_NONNULL = YES;
				CLANG_ANALYZER_NUMBER_OBJECT_CONVERSION = YES_AGGRESSIVE;
				CLANG_CXX_LANGUAGE_STANDARD = "gnu++20";
				CLANG_ENABLE_MODULES = YES;
				CLANG_ENABLE_OBJC_ARC = YES;
				CLANG_ENABLE_OBJC_WEAK = YES;
				CLANG_WARN_BLOCK_CAPTURE_AUTORELEASING = YES;
				CLANG_WARN_BOOL_CONVERSION = YES;
				CLANG_WARN_COMMA = YES;
				CLANG_WARN_CONSTANT_CONVERSION = YES;
				CLANG_WARN_DEPRECATED_OBJC_IMPLEMENTATIONS = YES;
				CLANG_WARN_DIRECT_OBJC_ISA_USAGE = YES_ERROR;
				CLANG_WARN_DOCUMENTATION_COMMENTS = YES;
				CLANG_WARN_EMPTY_BODY = YES;
				CLANG_WARN_ENUM_CONVERSION = YES;
				CLANG_WARN_INFINITE_RECURSION = YES;
				CLANG_WARN_INT_CONVERSION = YES;
				CLANG_WARN_NON_LITERAL_NULL_CONVERSION = YES;
				CLANG_WARN_OBJC_IMPLICIT_RETAIN_SELF = YES;
				CLANG_WARN_OBJC_LITERAL_CONVERSION = YES;
				CLANG_WARN_OBJC_ROOT_CLASS = YES_ERROR;
				CLANG_WARN_QUOTED_INCLUDE_IN_FRAMEWORK_HEADER = YES;
				CLANG_WARN_RANGE_LOOP_ANALYSIS = YES;
				CLANG_WARN_STRICT_PROTOTYPES = YES;
				CLANG_WARN_SUSPICIOUS_MOVE = YES;
				CLANG_WARN_UNGUARDED_AVAILABILITY = YES_AGGRESSIVE;
				CLANG_WARN_UNREACHABLE_CODE = YES;
				CLANG_WARN__DUPLICATE_METHOD_MATCH = YES;
				COPY_PHASE_STRIP = NO;
				DEBUG_INFORMATION_FORMAT = "dwarf-with-dsym";
				ENABLE_NS_ASSERTIONS = NO;
				ENABLE_STRICT_OBJC_MSGSEND = YES;
				GCC_C_LANGUAGE_STANDARD = gnu11;
				GCC_NO_COMMON_BLOCKS = YES;
				GCC_WARN_64_TO_32_BIT_CONVERSION = YES;
				GCC_WARN_ABOUT_RETURN_TYPE = YES_ERROR;
				GCC_WARN_UNDECLARED_SELECTOR = YES;
				GCC_WARN_UNINITIALIZED_AUTOS = YES_AGGRESSIVE;
				GCC_WARN_UNUSED_FUNCTION = YES;
				GCC_WARN_UNUSED_VARIABLE = YES;
				IPHONEOS_DEPLOYMENT_TARGET = 16.2;
				MTL_ENABLE_DEBUG_INFO = NO;
				MTL_FAST_MATH = YES;
				SDKROOT = iphoneos;
				SWIFT_COMPILATION_MODE = wholemodule;
				SWIFT_OPTIMIZATION_LEVEL = "-O";
				VALIDATE_PRODUCT = YES;
			};
			name = Release;
		};
		A2B134DE29BCE7E400E7D6E8 /* Debug */ = {
			isa = XCBuildConfiguration;
			baseConfigurationReference = A83ED2A0A059B9D977866665 /* Pods-Track Music.debug.xcconfig */;
			buildSettings = {
				ASSETCATALOG_COMPILER_APPICON_NAME = AppIcon;
				ASSETCATALOG_COMPILER_GLOBAL_ACCENT_COLOR_NAME = AccentColor;
				CODE_SIGN_STYLE = Automatic;
				CURRENT_PROJECT_VERSION = 1;
				DEVELOPMENT_TEAM = 92WUA7K44S;
				GENERATE_INFOPLIST_FILE = YES;
				INFOPLIST_FILE = "Track Music/Supporting Files/Info.plist";
				INFOPLIST_KEY_UIApplicationSupportsIndirectInputEvents = YES;
				INFOPLIST_KEY_UILaunchStoryboardName = LaunchScreen;
				INFOPLIST_KEY_UISupportedInterfaceOrientations_iPad = "UIInterfaceOrientationPortrait UIInterfaceOrientationPortraitUpsideDown UIInterfaceOrientationLandscapeLeft UIInterfaceOrientationLandscapeRight";
				INFOPLIST_KEY_UISupportedInterfaceOrientations_iPhone = "UIInterfaceOrientationPortrait UIInterfaceOrientationLandscapeLeft UIInterfaceOrientationLandscapeRight";
				LD_RUNPATH_SEARCH_PATHS = (
					"$(inherited)",
					"@executable_path/Frameworks",
				);
				MARKETING_VERSION = 1.0;
				PRODUCT_BUNDLE_IDENTIFIER = "app.Track-Music";
				PRODUCT_NAME = "$(TARGET_NAME)";
				SWIFT_EMIT_LOC_STRINGS = YES;
				SWIFT_VERSION = 5.0;
				TARGETED_DEVICE_FAMILY = "1,2";
			};
			name = Debug;
		};
		A2B134DF29BCE7E400E7D6E8 /* Release */ = {
			isa = XCBuildConfiguration;
			baseConfigurationReference = 4E797E2FBE4C298F055D2A9C /* Pods-Track Music.release.xcconfig */;
			buildSettings = {
				ASSETCATALOG_COMPILER_APPICON_NAME = AppIcon;
				ASSETCATALOG_COMPILER_GLOBAL_ACCENT_COLOR_NAME = AccentColor;
				CODE_SIGN_STYLE = Automatic;
				CURRENT_PROJECT_VERSION = 1;
				DEVELOPMENT_TEAM = 92WUA7K44S;
				GENERATE_INFOPLIST_FILE = YES;
				INFOPLIST_FILE = "Track Music/Supporting Files/Info.plist";
				INFOPLIST_KEY_UIApplicationSupportsIndirectInputEvents = YES;
				INFOPLIST_KEY_UILaunchStoryboardName = LaunchScreen;
				INFOPLIST_KEY_UISupportedInterfaceOrientations_iPad = "UIInterfaceOrientationPortrait UIInterfaceOrientationPortraitUpsideDown UIInterfaceOrientationLandscapeLeft UIInterfaceOrientationLandscapeRight";
				INFOPLIST_KEY_UISupportedInterfaceOrientations_iPhone = "UIInterfaceOrientationPortrait UIInterfaceOrientationLandscapeLeft UIInterfaceOrientationLandscapeRight";
				LD_RUNPATH_SEARCH_PATHS = (
					"$(inherited)",
					"@executable_path/Frameworks",
				);
				MARKETING_VERSION = 1.0;
				PRODUCT_BUNDLE_IDENTIFIER = "app.Track-Music";
				PRODUCT_NAME = "$(TARGET_NAME)";
				SWIFT_EMIT_LOC_STRINGS = YES;
				SWIFT_VERSION = 5.0;
				TARGETED_DEVICE_FAMILY = "1,2";
			};
			name = Release;
		};
		A2B134E129BCE7E400E7D6E8 /* Debug */ = {
			isa = XCBuildConfiguration;
			baseConfigurationReference = C30DC7ACBE60AEB76D8B9191 /* Pods-Track MusicTests.debug.xcconfig */;
			buildSettings = {
				ALWAYS_EMBED_SWIFT_STANDARD_LIBRARIES = YES;
				BUNDLE_LOADER = "$(TEST_HOST)";
				CODE_SIGN_STYLE = Automatic;
				CURRENT_PROJECT_VERSION = 1;
				DEVELOPMENT_TEAM = 92WUA7K44S;
				GENERATE_INFOPLIST_FILE = YES;
				IPHONEOS_DEPLOYMENT_TARGET = 16.2;
				MARKETING_VERSION = 1.0;
				PRODUCT_BUNDLE_IDENTIFIER = "app.Track-MusicTests";
				PRODUCT_NAME = "$(TARGET_NAME)";
				SWIFT_EMIT_LOC_STRINGS = NO;
				SWIFT_VERSION = 5.0;
				TARGETED_DEVICE_FAMILY = "1,2";
				TEST_HOST = "$(BUILT_PRODUCTS_DIR)/Track Music.app/$(BUNDLE_EXECUTABLE_FOLDER_PATH)/Track Music";
			};
			name = Debug;
		};
		A2B134E229BCE7E400E7D6E8 /* Release */ = {
			isa = XCBuildConfiguration;
			baseConfigurationReference = 2BCB5549D8DCC1BFC260E15D /* Pods-Track MusicTests.release.xcconfig */;
			buildSettings = {
				ALWAYS_EMBED_SWIFT_STANDARD_LIBRARIES = YES;
				BUNDLE_LOADER = "$(TEST_HOST)";
				CODE_SIGN_STYLE = Automatic;
				CURRENT_PROJECT_VERSION = 1;
				DEVELOPMENT_TEAM = 92WUA7K44S;
				GENERATE_INFOPLIST_FILE = YES;
				IPHONEOS_DEPLOYMENT_TARGET = 16.2;
				MARKETING_VERSION = 1.0;
				PRODUCT_BUNDLE_IDENTIFIER = "app.Track-MusicTests";
				PRODUCT_NAME = "$(TARGET_NAME)";
				SWIFT_EMIT_LOC_STRINGS = NO;
				SWIFT_VERSION = 5.0;
				TARGETED_DEVICE_FAMILY = "1,2";
				TEST_HOST = "$(BUILT_PRODUCTS_DIR)/Track Music.app/$(BUNDLE_EXECUTABLE_FOLDER_PATH)/Track Music";
			};
			name = Release;
		};
		A2B134E429BCE7E400E7D6E8 /* Debug */ = {
			isa = XCBuildConfiguration;
			baseConfigurationReference = 1735FC26A0664147E410B9AE /* Pods-Track Music-Track MusicUITests.debug.xcconfig */;
			buildSettings = {
				ALWAYS_EMBED_SWIFT_STANDARD_LIBRARIES = YES;
				CODE_SIGN_STYLE = Automatic;
				CURRENT_PROJECT_VERSION = 1;
				DEVELOPMENT_TEAM = 92WUA7K44S;
				GENERATE_INFOPLIST_FILE = YES;
				MARKETING_VERSION = 1.0;
				PRODUCT_BUNDLE_IDENTIFIER = "app.Track-MusicUITests";
				PRODUCT_NAME = "$(TARGET_NAME)";
				SWIFT_EMIT_LOC_STRINGS = NO;
				SWIFT_VERSION = 5.0;
				TARGETED_DEVICE_FAMILY = "1,2";
				TEST_TARGET_NAME = "Track Music";
			};
			name = Debug;
		};
		A2B134E529BCE7E400E7D6E8 /* Release */ = {
			isa = XCBuildConfiguration;
			baseConfigurationReference = A7463FED6F6802A26341FD55 /* Pods-Track Music-Track MusicUITests.release.xcconfig */;
			buildSettings = {
				ALWAYS_EMBED_SWIFT_STANDARD_LIBRARIES = YES;
				CODE_SIGN_STYLE = Automatic;
				CURRENT_PROJECT_VERSION = 1;
				DEVELOPMENT_TEAM = 92WUA7K44S;
				GENERATE_INFOPLIST_FILE = YES;
				MARKETING_VERSION = 1.0;
				PRODUCT_BUNDLE_IDENTIFIER = "app.Track-MusicUITests";
				PRODUCT_NAME = "$(TARGET_NAME)";
				SWIFT_EMIT_LOC_STRINGS = NO;
				SWIFT_VERSION = 5.0;
				TARGETED_DEVICE_FAMILY = "1,2";
				TEST_TARGET_NAME = "Track Music";
			};
			name = Release;
		};
/* End XCBuildConfiguration section */

/* Begin XCConfigurationList section */
		A2B134AE29BCE7E000E7D6E8 /* Build configuration list for PBXProject "Track Music" */ = {
			isa = XCConfigurationList;
			buildConfigurations = (
				A2B134DB29BCE7E400E7D6E8 /* Debug */,
				A2B134DC29BCE7E400E7D6E8 /* Release */,
			);
			defaultConfigurationIsVisible = 0;
			defaultConfigurationName = Release;
		};
		A2B134DD29BCE7E400E7D6E8 /* Build configuration list for PBXNativeTarget "Track Music" */ = {
			isa = XCConfigurationList;
			buildConfigurations = (
				A2B134DE29BCE7E400E7D6E8 /* Debug */,
				A2B134DF29BCE7E400E7D6E8 /* Release */,
			);
			defaultConfigurationIsVisible = 0;
			defaultConfigurationName = Release;
		};
		A2B134E029BCE7E400E7D6E8 /* Build configuration list for PBXNativeTarget "Track MusicTests" */ = {
			isa = XCConfigurationList;
			buildConfigurations = (
				A2B134E129BCE7E400E7D6E8 /* Debug */,
				A2B134E229BCE7E400E7D6E8 /* Release */,
			);
			defaultConfigurationIsVisible = 0;
			defaultConfigurationName = Release;
		};
		A2B134E329BCE7E400E7D6E8 /* Build configuration list for PBXNativeTarget "Track MusicUITests" */ = {
			isa = XCConfigurationList;
			buildConfigurations = (
				A2B134E429BCE7E400E7D6E8 /* Debug */,
				A2B134E529BCE7E400E7D6E8 /* Release */,
			);
			defaultConfigurationIsVisible = 0;
			defaultConfigurationName = Release;
		};
/* End XCConfigurationList section */
	};
	rootObject = A2B134AB29BCE7E000E7D6E8 /* Project object */;
}
